
Microsoft Visual Studio Solution File, Format Version 12.00
# Visual Studio Version 16
VisualStudioVersion = 16.0.31205.134
MinimumVisualStudioVersion = 10.0.40219.1
Project("{8BC9CEB8-8B4A-11D0-8D11-00A0C91BC942}") = "BM3DCUDA", "BM3DCUDA.vcxproj", "{5FD02756-59C1-4665-A16D-4E6061C9C90A}"
EndProject
Project("{8BC9CEB8-8B4A-11D0-8D11-00A0C91BC942}") = "BM3DCUDA_RTC", "BM3DCUDA_RTC.vcxproj", "{53F9BD34-15BF-4483-AC67-0EAEC9A7FFC4}"
EndProject
Global
	GlobalSection(SolutionConfigurationPlatforms) = preSolution
		Debug|x64 = Debug|x64
		Debug|x86 = Debug|x86
		Release|x64 = Release|x64
		Release|x86 = Release|x86
	EndGlobalSection
	GlobalSection(ProjectConfigurationPlatforms) = postSolution
		{5FD02756-59C1-4665-A16D-4E6061C9C90A}.Debug|x64.ActiveCfg = Debug|x64
		{5FD02756-59C1-4665-A16D-4E6061C9C90A}.Debug|x64.Build.0 = Debug|x64
		{5FD02756-59C1-4665-A16D-4E6061C9C90A}.Debug|x86.ActiveCfg = Release|x64
		{5FD02756-59C1-4665-A16D-4E6061C9C90A}.Debug|x86.Build.0 = Release|x64
		{5FD02756-59C1-4665-A16D-4E6061C9C90A}.Release|x64.ActiveCfg = Release|x64
		{5FD02756-59C1-4665-A16D-4E6061C9C90A}.Release|x64.Build.0 = Release|x64
		{5FD02756-59C1-4665-A16D-4E6061C9C90A}.Release|x86.ActiveCfg = Release|x64
		{53F9BD34-15BF-4483-AC67-0EAEC9A7FFC4}.Debug|x64.ActiveCfg = Debug|x64
		{53F9BD34-15BF-4483-AC67-0EAEC9A7FFC4}.Debug|x64.Build.0 = Debug|x64
		{53F9BD34-15BF-4483-AC67-0EAEC9A7FFC4}.Debug|x86.ActiveCfg = Debug|Win32
		{53F9BD34-15BF-4483-AC67-0EAEC9A7FFC4}.Debug|x86.Build.0 = Debug|Win32
		{53F9BD34-15BF-4483-AC67-0EAEC9A7FFC4}.Release|x64.ActiveCfg = Release|x64
		{53F9BD34-15BF-4483-AC67-0EAEC9A7FFC4}.Release|x64.Build.0 = Release|x64
		{53F9BD34-15BF-4483-AC67-0EAEC9A7FFC4}.Release|x86.ActiveCfg = Release|Win32
		{53F9BD34-15BF-4483-AC67-0EAEC9A7FFC4}.Release|x86.Build.0 = Release|Win32
	EndGlobalSection
	GlobalSection(SolutionProperties) = preSolution
		HideSolutionNode = FALSE
	EndGlobalSection
	GlobalSection(ExtensibilityGlobals) = postSolution
		SolutionGuid = {F830CE6B-F120-4AF6-BBD7-0AB12B3522B1}
	EndGlobalSection
EndGlobal
